
Microsoft Visual Studio Solution File, Format Version 12.00
# Visual Studio 15
VisualStudioVersion = 15.0.27130.2036
MinimumVisualStudioVersion = 10.0.40219.1
Project("{FAE04EC0-301F-11D3-BF4B-00C04F79EFBC}") = "WindowsFormsApp3", "WindowsFormsApp3\WindowsFormsApp3.csproj", "{B198F699-4588-471E-882D-C3ACD58DD954}"
EndProject
Project("{FAE04EC0-301F-11D3-BF4B-00C04F79EFBC}") = "ClassLibrary2", "ClassLibrary2\ClassLibrary2.csproj", "{3FD0C40C-94E0-48F2-9B68-36810B8F7AA7}"
EndProject
Global
	GlobalSection(SolutionConfigurationPlatforms) = preSolution
		Debug|Any CPU = Debug|Any CPU
		Release|Any CPU = Release|Any CPU
	EndGlobalSection
	GlobalSection(ProjectConfigurationPlatforms) = postSolution
		{B198F699-4588-471E-882D-C3ACD58DD954}.Debug|Any CPU.ActiveCfg = Debug|Any CPU
		{B198F699-4588-471E-882D-C3ACD58DD954}.Debug|Any CPU.Build.0 = Debug|Any CPU
		{B198F699-4588-471E-882D-C3ACD58DD954}.Release|Any CPU.ActiveCfg = Release|Any CPU
		{B198F699-4588-471E-882D-C3ACD58DD954}.Release|Any CPU.Build.0 = Release|Any CPU
		{3FD0C40C-94E0-48F2-9B68-36810B8F7AA7}.Debug|Any CPU.ActiveCfg = Debug|Any CPU
		{3FD0C40C-94E0-48F2-9B68-36810B8F7AA7}.Debug|Any CPU.Build.0 = Debug|Any CPU
		{3FD0C40C-94E0-48F2-9B68-36810B8F7AA7}.Release|Any CPU.ActiveCfg = Release|Any CPU
		{3FD0C40C-94E0-48F2-9B68-36810B8F7AA7}.Release|Any CPU.Build.0 = Release|Any CPU
	EndGlobalSection
	GlobalSection(SolutionProperties) = preSolution
		HideSolutionNode = FALSE
	EndGlobalSection
	GlobalSection(ExtensibilityGlobals) = postSolution
		SolutionGuid = {6A4987D8-F499-40F7-9868-27FC2C88C102}
	EndGlobalSection
EndGlobal
